// !$*UTF8*$!
{
	archiveVersion = 1;
	classes = {
	};
	objectVersion = 48;
	objects = {

/* Begin PBXBuildFile section */
		049EDC0D1F8792F500273EE2 /* AppDelegate.swift in Sources */ = {isa = PBXBuildFile; fileRef = 049EDC001F8792BF00273EE2 /* AppDelegate.swift */; };
		049EDC0E1F87931100273EE2 /* LaunchScreen.storyboard in Resources */ = {isa = PBXBuildFile; fileRef = 049EDC031F8792BF00273EE2 /* LaunchScreen.storyboard */; };
		049EDC0F1F87931400273EE2 /* Assets.xcassets in Resources */ = {isa = PBXBuildFile; fileRef = 049EDC021F8792BF00273EE2 /* Assets.xcassets */; };
		049EDC101F87934B00273EE2 /* ufeaturesTests.swift in Sources */ = {isa = PBXBuildFile; fileRef = 049EDC081F8792BF00273EE2 /* ufeaturesTests.swift */; };
		049EDC111F87935A00273EE2 /* ufeaturesUITests.swift in Sources */ = {isa = PBXBuildFile; fileRef = 049EDC0B1F8792BF00273EE2 /* ufeaturesUITests.swift */; };
		049EDD391F87A8ED00273EE2 /* uCore.framework in Frameworks */ = {isa = PBXBuildFile; fileRef = 049EDD3A1F87A8ED00273EE2 /* uCore.framework */; };
		049EDD3C1F87A8FD00273EE2 /* uCore.framework in Embed Frameworks */ = {isa = PBXBuildFile; fileRef = 049EDD3A1F87A8ED00273EE2 /* uCore.framework */; settings = {ATTRIBUTES = (CodeSignOnCopy, RemoveHeadersOnCopy, ); }; };
		049EDD3E1F87A90E00273EE2 /* uCore.framework in Embed Frameworks */ = {isa = PBXBuildFile; fileRef = 049EDD3A1F87A8ED00273EE2 /* uCore.framework */; settings = {ATTRIBUTES = (CodeSignOnCopy, RemoveHeadersOnCopy, ); }; };
		049EDD471F87A96B00273EE2 /* uUI.framework in Frameworks */ = {isa = PBXBuildFile; fileRef = 049EDD481F87A96B00273EE2 /* uUI.framework */; };
		049EDD491F87A96E00273EE2 /* uUI.framework in Embed Frameworks */ = {isa = PBXBuildFile; fileRef = 049EDD481F87A96B00273EE2 /* uUI.framework */; settings = {ATTRIBUTES = (CodeSignOnCopy, RemoveHeadersOnCopy, ); }; };
		049EDD4A1F87A97300273EE2 /* uUI.framework in Embed Frameworks */ = {isa = PBXBuildFile; fileRef = 049EDD481F87A96B00273EE2 /* uUI.framework */; settings = {ATTRIBUTES = (CodeSignOnCopy, RemoveHeadersOnCopy, ); }; };
		049EDD511F87AF9100273EE2 /* uDependencies.framework in Frameworks */ = {isa = PBXBuildFile; fileRef = 049EDD521F87AF9100273EE2 /* uDependencies.framework */; };
		049EDD531F87AF9500273EE2 /* uDependencies.framework in Embed Frameworks */ = {isa = PBXBuildFile; fileRef = 049EDD521F87AF9100273EE2 /* uDependencies.framework */; settings = {ATTRIBUTES = (CodeSignOnCopy, RemoveHeadersOnCopy, ); }; };
		049EDD541F87AF9D00273EE2 /* uDependencies.framework in Embed Frameworks */ = {isa = PBXBuildFile; fileRef = 049EDD521F87AF9100273EE2 /* uDependencies.framework */; settings = {ATTRIBUTES = (CodeSignOnCopy, RemoveHeadersOnCopy, ); }; };
		049EDD551F87AFB500273EE2 /* uHome.framework in Frameworks */ = {isa = PBXBuildFile; fileRef = 049EDD561F87AFB500273EE2 /* uHome.framework */; };
		049EDD571F87AFBA00273EE2 /* uSearch.framework in Frameworks */ = {isa = PBXBuildFile; fileRef = 049EDD581F87AFBA00273EE2 /* uSearch.framework */; };
		049EDD591F87AFBD00273EE2 /* uHome.framework in Embed Frameworks */ = {isa = PBXBuildFile; fileRef = 049EDD561F87AFB500273EE2 /* uHome.framework */; settings = {ATTRIBUTES = (CodeSignOnCopy, RemoveHeadersOnCopy, ); }; };
		049EDD5A1F87AFC100273EE2 /* uSearch.framework in Embed Frameworks */ = {isa = PBXBuildFile; fileRef = 049EDD581F87AFBA00273EE2 /* uSearch.framework */; settings = {ATTRIBUTES = (CodeSignOnCopy, RemoveHeadersOnCopy, ); }; };
		049EDD5B1F87AFCB00273EE2 /* uHome.framework in Embed Frameworks */ = {isa = PBXBuildFile; fileRef = 049EDD561F87AFB500273EE2 /* uHome.framework */; settings = {ATTRIBUTES = (CodeSignOnCopy, RemoveHeadersOnCopy, ); }; };
		049EDD5C1F87AFCF00273EE2 /* uSearch.framework in Embed Frameworks */ = {isa = PBXBuildFile; fileRef = 049EDD581F87AFBA00273EE2 /* uSearch.framework */; settings = {ATTRIBUTES = (CodeSignOnCopy, RemoveHeadersOnCopy, ); }; };
		049EDD951F87B2AD00273EE2 /* uTesting.framework in Frameworks */ = {isa = PBXBuildFile; fileRef = 049EDD961F87B2AD00273EE2 /* uTesting.framework */; };
		049EDD971F87B2B100273EE2 /* uTesting.framework in Embed Frameworks */ = {isa = PBXBuildFile; fileRef = 049EDD961F87B2AD00273EE2 /* uTesting.framework */; settings = {ATTRIBUTES = (CodeSignOnCopy, RemoveHeadersOnCopy, ); }; };
		049EDD981F87B2B700273EE2 /* uTesting.framework in Frameworks */ = {isa = PBXBuildFile; fileRef = 049EDD991F87B2B700273EE2 /* uTesting.framework */; };
		049EDD9C1F87B2CF00273EE2 /* uTesting.framework in Embed Frameworks */ = {isa = PBXBuildFile; fileRef = 049EDD961F87B2AD00273EE2 /* uTesting.framework */; settings = {ATTRIBUTES = (CodeSignOnCopy, RemoveHeadersOnCopy, ); }; };
		5B70559C066D0ACDEAB7165D /* Pods_ufeatures.framework in Frameworks */ = {isa = PBXBuildFile; fileRef = 044B1857DCFF65560157A539 /* Pods_ufeatures.framework */; };
		996D70161992BBE6D84172FE /* Pods_ufeaturesUITests.framework in Frameworks */ = {isa = PBXBuildFile; fileRef = AF5884645C2DB892FD9F2B1A /* Pods_ufeaturesUITests.framework */; };
		F68D89E8F86A308384BA5346 /* Pods_ufeaturesTests.framework in Frameworks */ = {isa = PBXBuildFile; fileRef = A85354D8258A03F759613BAD /* Pods_ufeaturesTests.framework */; };
/* End PBXBuildFile section */

/* Begin PBXContainerItemProxy section */
		049EDBE01F87916E00273EE2 /* PBXContainerItemProxy */ = {
			isa = PBXContainerItemProxy;
			containerPortal = 049EDBC31F87916E00273EE2 /* Project object */;
			proxyType = 1;
			remoteGlobalIDString = 049EDBCA1F87916E00273EE2;
			remoteInfo = ufeatures;
		};
		049EDBEB1F87916E00273EE2 /* PBXContainerItemProxy */ = {
			isa = PBXContainerItemProxy;
			containerPortal = 049EDBC31F87916E00273EE2 /* Project object */;
			proxyType = 1;
			remoteGlobalIDString = 049EDBCA1F87916E00273EE2;
			remoteInfo = ufeatures;
		};
/* End PBXContainerItemProxy section */

/* Begin PBXCopyFilesBuildPhase section */
		049EDD3B1F87A8F000273EE2 /* Embed Frameworks */ = {
			isa = PBXCopyFilesBuildPhase;
			buildActionMask = 2147483647;
			dstPath = "";
			dstSubfolderSpec = 10;
			files = (
				049EDD5A1F87AFC100273EE2 /* uSearch.framework in Embed Frameworks */,
				049EDD591F87AFBD00273EE2 /* uHome.framework in Embed Frameworks */,
				049EDD531F87AF9500273EE2 /* uDependencies.framework in Embed Frameworks */,
				049EDD491F87A96E00273EE2 /* uUI.framework in Embed Frameworks */,
				049EDD3C1F87A8FD00273EE2 /* uCore.framework in Embed Frameworks */,
			);
			name = "Embed Frameworks";
			runOnlyForDeploymentPostprocessing = 0;
		};
		049EDD3D1F87A90200273EE2 /* Embed Frameworks */ = {
			isa = PBXCopyFilesBuildPhase;
			buildActionMask = 2147483647;
			dstPath = "";
			dstSubfolderSpec = 10;
			files = (
				049EDD971F87B2B100273EE2 /* uTesting.framework in Embed Frameworks */,
				049EDD5C1F87AFCF00273EE2 /* uSearch.framework in Embed Frameworks */,
				049EDD5B1F87AFCB00273EE2 /* uHome.framework in Embed Frameworks */,
				049EDD541F87AF9D00273EE2 /* uDependencies.framework in Embed Frameworks */,
				049EDD4A1F87A97300273EE2 /* uUI.framework in Embed Frameworks */,
				049EDD3E1F87A90E00273EE2 /* uCore.framework in Embed Frameworks */,
			);
			name = "Embed Frameworks";
			runOnlyForDeploymentPostprocessing = 0;
		};
		049EDD9A1F87B2BA00273EE2 /* Embed Frameworks */ = {
			isa = PBXCopyFilesBuildPhase;
			buildActionMask = 2147483647;
			dstPath = "";
			dstSubfolderSpec = 10;
			files = (
				049EDD9C1F87B2CF00273EE2 /* uTesting.framework in Embed Frameworks */,
			);
			name = "Embed Frameworks";
			runOnlyForDeploymentPostprocessing = 0;
		};
/* End PBXCopyFilesBuildPhase section */

/* Begin PBXFileReference section */
		044B1857DCFF65560157A539 /* Pods_ufeatures.framework */ = {isa = PBXFileReference; explicitFileType = wrapper.framework; includeInIndex = 0; path = Pods_ufeatures.framework; sourceTree = BUILT_PRODUCTS_DIR; };
		049EDBCB1F87916E00273EE2 /* ufeatures.app */ = {isa = PBXFileReference; explicitFileType = wrapper.application; includeInIndex = 0; path = ufeatures.app; sourceTree = BUILT_PRODUCTS_DIR; };
		049EDBDF1F87916E00273EE2 /* ufeaturesTests.xctest */ = {isa = PBXFileReference; explicitFileType = wrapper.cfbundle; includeInIndex = 0; path = ufeaturesTests.xctest; sourceTree = BUILT_PRODUCTS_DIR; };
		049EDBEA1F87916E00273EE2 /* ufeaturesUITests.xctest */ = {isa = PBXFileReference; explicitFileType = wrapper.cfbundle; includeInIndex = 0; path = ufeaturesUITests.xctest; sourceTree = BUILT_PRODUCTS_DIR; };
		049EDBFD1F8792BF00273EE2 /* Info.plist */ = {isa = PBXFileReference; lastKnownFileType = text.plist.xml; path = Info.plist; sourceTree = "<group>"; };
		049EDC001F8792BF00273EE2 /* AppDelegate.swift */ = {isa = PBXFileReference; lastKnownFileType = sourcecode.swift; path = AppDelegate.swift; sourceTree = "<group>"; };
		049EDC021F8792BF00273EE2 /* Assets.xcassets */ = {isa = PBXFileReference; lastKnownFileType = folder.assetcatalog; path = Assets.xcassets; sourceTree = "<group>"; };
		049EDC041F8792BF00273EE2 /* Base */ = {isa = PBXFileReference; lastKnownFileType = file.storyboard; name = Base; path = Base.lproj/LaunchScreen.storyboard; sourceTree = "<group>"; };
		049EDC081F8792BF00273EE2 /* ufeaturesTests.swift */ = {isa = PBXFileReference; lastKnownFileType = sourcecode.swift; path = ufeaturesTests.swift; sourceTree = "<group>"; };
		049EDC091F8792BF00273EE2 /* Tests.plist */ = {isa = PBXFileReference; lastKnownFileType = text.plist.xml; path = Tests.plist; sourceTree = "<group>"; };
		049EDC0B1F8792BF00273EE2 /* ufeaturesUITests.swift */ = {isa = PBXFileReference; lastKnownFileType = sourcecode.swift; path = ufeaturesUITests.swift; sourceTree = "<group>"; };
		049EDC0C1F8792BF00273EE2 /* UITests.plist */ = {isa = PBXFileReference; lastKnownFileType = text.plist.xml; path = UITests.plist; sourceTree = "<group>"; };
		049EDC151F879B9000273EE2 /* Common.xcconfig */ = {isa = PBXFileReference; lastKnownFileType = text.xcconfig; path = Common.xcconfig; sourceTree = "<group>"; };
		049EDC171F879B9000273EE2 /* Debug.xcconfig */ = {isa = PBXFileReference; lastKnownFileType = text.xcconfig; path = Debug.xcconfig; sourceTree = "<group>"; };
		049EDC181F879B9000273EE2 /* Profile.xcconfig */ = {isa = PBXFileReference; lastKnownFileType = text.xcconfig; path = Profile.xcconfig; sourceTree = "<group>"; };
		049EDC191F879B9000273EE2 /* Release.xcconfig */ = {isa = PBXFileReference; lastKnownFileType = text.xcconfig; path = Release.xcconfig; sourceTree = "<group>"; };
		049EDC1A1F879B9000273EE2 /* Test.xcconfig */ = {isa = PBXFileReference; lastKnownFileType = text.xcconfig; path = Test.xcconfig; sourceTree = "<group>"; };
		049EDC1C1F879B9000273EE2 /* Application.xcconfig */ = {isa = PBXFileReference; lastKnownFileType = text.xcconfig; path = Application.xcconfig; sourceTree = "<group>"; };
		049EDC1D1F879B9000273EE2 /* Extension.xcconfig */ = {isa = PBXFileReference; lastKnownFileType = text.xcconfig; path = Extension.xcconfig; sourceTree = "<group>"; };
		049EDC1E1F879B9000273EE2 /* Framework.xcconfig */ = {isa = PBXFileReference; lastKnownFileType = text.xcconfig; path = Framework.xcconfig; sourceTree = "<group>"; };
		049EDC1F1F879B9000273EE2 /* StaticLibrary.xcconfig */ = {isa = PBXFileReference; lastKnownFileType = text.xcconfig; path = StaticLibrary.xcconfig; sourceTree = "<group>"; };
		049EDC211F879B9000273EE2 /* iOS-Application.xcconfig */ = {isa = PBXFileReference; lastKnownFileType = text.xcconfig; path = "iOS-Application.xcconfig"; sourceTree = "<group>"; };
		049EDC221F879B9000273EE2 /* iOS-Base.xcconfig */ = {isa = PBXFileReference; lastKnownFileType = text.xcconfig; path = "iOS-Base.xcconfig"; sourceTree = "<group>"; };
		049EDC231F879B9000273EE2 /* iOS-Extension.xcconfig */ = {isa = PBXFileReference; lastKnownFileType = text.xcconfig; path = "iOS-Extension.xcconfig"; sourceTree = "<group>"; };
		049EDC241F879B9000273EE2 /* iOS-Framework.xcconfig */ = {isa = PBXFileReference; lastKnownFileType = text.xcconfig; path = "iOS-Framework.xcconfig"; sourceTree = "<group>"; };
		049EDC251F879B9000273EE2 /* iOS-StaticLibrary.xcconfig */ = {isa = PBXFileReference; lastKnownFileType = text.xcconfig; path = "iOS-StaticLibrary.xcconfig"; sourceTree = "<group>"; };
		049EDC271F879B9000273EE2 /* Mac-Application.xcconfig */ = {isa = PBXFileReference; lastKnownFileType = text.xcconfig; path = "Mac-Application.xcconfig"; sourceTree = "<group>"; };
		049EDC281F879B9000273EE2 /* Mac-Base.xcconfig */ = {isa = PBXFileReference; lastKnownFileType = text.xcconfig; path = "Mac-Base.xcconfig"; sourceTree = "<group>"; };
		049EDC291F879B9000273EE2 /* Mac-DynamicLibrary.xcconfig */ = {isa = PBXFileReference; lastKnownFileType = text.xcconfig; path = "Mac-DynamicLibrary.xcconfig"; sourceTree = "<group>"; };
		049EDC2A1F879B9000273EE2 /* Mac-Framework.xcconfig */ = {isa = PBXFileReference; lastKnownFileType = text.xcconfig; path = "Mac-Framework.xcconfig"; sourceTree = "<group>"; };
		049EDC2B1F879B9000273EE2 /* Mac-StaticLibrary.xcconfig */ = {isa = PBXFileReference; lastKnownFileType = text.xcconfig; path = "Mac-StaticLibrary.xcconfig"; sourceTree = "<group>"; };
		049EDC2C1F879B9000273EE2 /* README.md */ = {isa = PBXFileReference; lastKnownFileType = net.daringfireball.markdown; path = README.md; sourceTree = "<group>"; };
		049EDC2E1F879B9000273EE2 /* tvOS-Application.xcconfig */ = {isa = PBXFileReference; lastKnownFileType = text.xcconfig; path = "tvOS-Application.xcconfig"; sourceTree = "<group>"; };
		049EDC2F1F879B9000273EE2 /* tvOS-Base.xcconfig */ = {isa = PBXFileReference; lastKnownFileType = text.xcconfig; path = "tvOS-Base.xcconfig"; sourceTree = "<group>"; };
		049EDC301F879B9000273EE2 /* tvOS-Framework.xcconfig */ = {isa = PBXFileReference; lastKnownFileType = text.xcconfig; path = "tvOS-Framework.xcconfig"; sourceTree = "<group>"; };
		049EDC311F879B9000273EE2 /* tvOS-StaticLibrary.xcconfig */ = {isa = PBXFileReference; lastKnownFileType = text.xcconfig; path = "tvOS-StaticLibrary.xcconfig"; sourceTree = "<group>"; };
		049EDC331F879B9000273EE2 /* watchOS-Application.xcconfig */ = {isa = PBXFileReference; lastKnownFileType = text.xcconfig; path = "watchOS-Application.xcconfig"; sourceTree = "<group>"; };
		049EDC341F879B9000273EE2 /* watchOS-Base.xcconfig */ = {isa = PBXFileReference; lastKnownFileType = text.xcconfig; path = "watchOS-Base.xcconfig"; sourceTree = "<group>"; };
		049EDC351F879B9000273EE2 /* watchOS-Framework.xcconfig */ = {isa = PBXFileReference; lastKnownFileType = text.xcconfig; path = "watchOS-Framework.xcconfig"; sourceTree = "<group>"; };
		049EDC361F879B9000273EE2 /* watchOS-StaticLibrary.xcconfig */ = {isa = PBXFileReference; lastKnownFileType = text.xcconfig; path = "watchOS-StaticLibrary.xcconfig"; sourceTree = "<group>"; };
		049EDD3A1F87A8ED00273EE2 /* uCore.framework */ = {isa = PBXFileReference; explicitFileType = wrapper.framework; path = uCore.framework; sourceTree = BUILT_PRODUCTS_DIR; };
		049EDD481F87A96B00273EE2 /* uUI.framework */ = {isa = PBXFileReference; explicitFileType = wrapper.framework; path = uUI.framework; sourceTree = BUILT_PRODUCTS_DIR; };
		049EDD521F87AF9100273EE2 /* uDependencies.framework */ = {isa = PBXFileReference; explicitFileType = wrapper.framework; path = uDependencies.framework; sourceTree = BUILT_PRODUCTS_DIR; };
		049EDD561F87AFB500273EE2 /* uHome.framework */ = {isa = PBXFileReference; explicitFileType = wrapper.framework; path = uHome.framework; sourceTree = BUILT_PRODUCTS_DIR; };
		049EDD581F87AFBA00273EE2 /* uSearch.framework */ = {isa = PBXFileReference; explicitFileType = wrapper.framework; path = uSearch.framework; sourceTree = BUILT_PRODUCTS_DIR; };
		049EDD961F87B2AD00273EE2 /* uTesting.framework */ = {isa = PBXFileReference; explicitFileType = wrapper.framework; path = uTesting.framework; sourceTree = BUILT_PRODUCTS_DIR; };
		049EDD991F87B2B700273EE2 /* uTesting.framework */ = {isa = PBXFileReference; explicitFileType = wrapper.framework; path = uTesting.framework; sourceTree = BUILT_PRODUCTS_DIR; };
		5BF2F4DC829BBAB1564A7D3F /* Pods-ufeaturesUITests.release.xcconfig */ = {isa = PBXFileReference; includeInIndex = 1; lastKnownFileType = text.xcconfig; name = "Pods-ufeaturesUITests.release.xcconfig"; path = "Pods/Target Support Files/Pods-ufeaturesUITests/Pods-ufeaturesUITests.release.xcconfig"; sourceTree = "<group>"; };
		8299031CD950686DEA94569D /* Pods-ufeaturesUITests.debug.xcconfig */ = {isa = PBXFileReference; includeInIndex = 1; lastKnownFileType = text.xcconfig; name = "Pods-ufeaturesUITests.debug.xcconfig"; path = "Pods/Target Support Files/Pods-ufeaturesUITests/Pods-ufeaturesUITests.debug.xcconfig"; sourceTree = "<group>"; };
		A85354D8258A03F759613BAD /* Pods_ufeaturesTests.framework */ = {isa = PBXFileReference; explicitFileType = wrapper.framework; includeInIndex = 0; path = Pods_ufeaturesTests.framework; sourceTree = BUILT_PRODUCTS_DIR; };
		AF5884645C2DB892FD9F2B1A /* Pods_ufeaturesUITests.framework */ = {isa = PBXFileReference; explicitFileType = wrapper.framework; includeInIndex = 0; path = Pods_ufeaturesUITests.framework; sourceTree = BUILT_PRODUCTS_DIR; };
		C9957E75BE8227BD97ED9349 /* Pods-ufeatures.release.xcconfig */ = {isa = PBXFileReference; includeInIndex = 1; lastKnownFileType = text.xcconfig; name = "Pods-ufeatures.release.xcconfig"; path = "Pods/Target Support Files/Pods-ufeatures/Pods-ufeatures.release.xcconfig"; sourceTree = "<group>"; };
		EBFF1BB94DCAB231F5E05B2C /* Pods-ufeaturesTests.release.xcconfig */ = {isa = PBXFileReference; includeInIndex = 1; lastKnownFileType = text.xcconfig; name = "Pods-ufeaturesTests.release.xcconfig"; path = "Pods/Target Support Files/Pods-ufeaturesTests/Pods-ufeaturesTests.release.xcconfig"; sourceTree = "<group>"; };
		EF304450F17CA1C17B997B7F /* Pods-ufeaturesTests.debug.xcconfig */ = {isa = PBXFileReference; includeInIndex = 1; lastKnownFileType = text.xcconfig; name = "Pods-ufeaturesTests.debug.xcconfig"; path = "Pods/Target Support Files/Pods-ufeaturesTests/Pods-ufeaturesTests.debug.xcconfig"; sourceTree = "<group>"; };
		F63A1166DA70CB7D2617ED39 /* Pods-ufeatures.debug.xcconfig */ = {isa = PBXFileReference; includeInIndex = 1; lastKnownFileType = text.xcconfig; name = "Pods-ufeatures.debug.xcconfig"; path = "Pods/Target Support Files/Pods-ufeatures/Pods-ufeatures.debug.xcconfig"; sourceTree = "<group>"; };
/* End PBXFileReference section */

/* Begin PBXFrameworksBuildPhase section */
		049EDBC81F87916E00273EE2 /* Frameworks */ = {
			isa = PBXFrameworksBuildPhase;
			buildActionMask = 2147483647;
			files = (
				049EDD571F87AFBA00273EE2 /* uSearch.framework in Frameworks */,
				049EDD551F87AFB500273EE2 /* uHome.framework in Frameworks */,
				049EDD511F87AF9100273EE2 /* uDependencies.framework in Frameworks */,
				049EDD471F87A96B00273EE2 /* uUI.framework in Frameworks */,
				049EDD391F87A8ED00273EE2 /* uCore.framework in Frameworks */,
				5B70559C066D0ACDEAB7165D /* Pods_ufeatures.framework in Frameworks */,
			);
			runOnlyForDeploymentPostprocessing = 0;
		};
		049EDBDC1F87916E00273EE2 /* Frameworks */ = {
			isa = PBXFrameworksBuildPhase;
			buildActionMask = 2147483647;
			files = (
				049EDD951F87B2AD00273EE2 /* uTesting.framework in Frameworks */,
				F68D89E8F86A308384BA5346 /* Pods_ufeaturesTests.framework in Frameworks */,
			);
			runOnlyForDeploymentPostprocessing = 0;
		};
		049EDBE71F87916E00273EE2 /* Frameworks */ = {
			isa = PBXFrameworksBuildPhase;
			buildActionMask = 2147483647;
			files = (
				049EDD981F87B2B700273EE2 /* uTesting.framework in Frameworks */,
				996D70161992BBE6D84172FE /* Pods_ufeaturesUITests.framework in Frameworks */,
			);
			runOnlyForDeploymentPostprocessing = 0;
		};
/* End PBXFrameworksBuildPhase section */

/* Begin PBXGroup section */
		049EDBC21F87916E00273EE2 = {
			isa = PBXGroup;
			children = (
				049EDC121F879B9000273EE2 /* Configurations */,
				049EDBFC1F8792BF00273EE2 /* App */,
				049EDBCC1F87916E00273EE2 /* Products */,
				9BB4CD9535553FC48A34FE94 /* Pods */,
				95500E1A7F5EA51FD6CB1A60 /* Frameworks */,
			);
			sourceTree = "<group>";
		};
		049EDBCC1F87916E00273EE2 /* Products */ = {
			isa = PBXGroup;
			children = (
				049EDBCB1F87916E00273EE2 /* ufeatures.app */,
				049EDBDF1F87916E00273EE2 /* ufeaturesTests.xctest */,
				049EDBEA1F87916E00273EE2 /* ufeaturesUITests.xctest */,
			);
			name = Products;
			sourceTree = "<group>";
		};
		049EDBFC1F8792BF00273EE2 /* App */ = {
			isa = PBXGroup;
			children = (
				049EDBFD1F8792BF00273EE2 /* Info.plist */,
				049EDC091F8792BF00273EE2 /* Tests.plist */,
				049EDC0C1F8792BF00273EE2 /* UITests.plist */,
				049EDBFE1F8792BF00273EE2 /* Sources */,
				049EDC071F8792BF00273EE2 /* Tests */,
				049EDC0A1F8792BF00273EE2 /* UITests */,
			);
			path = App;
			sourceTree = "<group>";
		};
		049EDBFE1F8792BF00273EE2 /* Sources */ = {
			isa = PBXGroup;
			children = (
				049EDBFF1F8792BF00273EE2 /* App */,
				049EDC011F8792BF00273EE2 /* Resources */,
			);
			path = Sources;
			sourceTree = "<group>";
		};
		049EDBFF1F8792BF00273EE2 /* App */ = {
			isa = PBXGroup;
			children = (
				049EDC001F8792BF00273EE2 /* AppDelegate.swift */,
			);
			path = App;
			sourceTree = "<group>";
		};
		049EDC011F8792BF00273EE2 /* Resources */ = {
			isa = PBXGroup;
			children = (
				049EDC021F8792BF00273EE2 /* Assets.xcassets */,
				049EDC031F8792BF00273EE2 /* LaunchScreen.storyboard */,
			);
			path = Resources;
			sourceTree = "<group>";
		};
		049EDC071F8792BF00273EE2 /* Tests */ = {
			isa = PBXGroup;
			children = (
				049EDC081F8792BF00273EE2 /* ufeaturesTests.swift */,
			);
			path = Tests;
			sourceTree = "<group>";
		};
		049EDC0A1F8792BF00273EE2 /* UITests */ = {
			isa = PBXGroup;
			children = (
				049EDC0B1F8792BF00273EE2 /* ufeaturesUITests.swift */,
			);
			path = UITests;
			sourceTree = "<group>";
		};
		049EDC121F879B9000273EE2 /* Configurations */ = {
			isa = PBXGroup;
			children = (
				049EDC141F879B9000273EE2 /* Base */,
				049EDC201F879B9000273EE2 /* iOS */,
				049EDC261F879B9000273EE2 /* Mac OS X */,
				049EDC2C1F879B9000273EE2 /* README.md */,
				049EDC2D1F879B9000273EE2 /* tvOS */,
				049EDC321F879B9000273EE2 /* watchOS */,
			);
			path = Configurations;
			sourceTree = "<group>";
		};
		049EDC141F879B9000273EE2 /* Base */ = {
			isa = PBXGroup;
			children = (
				049EDC151F879B9000273EE2 /* Common.xcconfig */,
				049EDC161F879B9000273EE2 /* Configurations */,
				049EDC1B1F879B9000273EE2 /* Targets */,
			);
			path = Base;
			sourceTree = "<group>";
		};
		049EDC161F879B9000273EE2 /* Configurations */ = {
			isa = PBXGroup;
			children = (
				049EDC171F879B9000273EE2 /* Debug.xcconfig */,
				049EDC181F879B9000273EE2 /* Profile.xcconfig */,
				049EDC191F879B9000273EE2 /* Release.xcconfig */,
				049EDC1A1F879B9000273EE2 /* Test.xcconfig */,
			);
			path = Configurations;
			sourceTree = "<group>";
		};
		049EDC1B1F879B9000273EE2 /* Targets */ = {
			isa = PBXGroup;
			children = (
				049EDC1C1F879B9000273EE2 /* Application.xcconfig */,
				049EDC1D1F879B9000273EE2 /* Extension.xcconfig */,
				049EDC1E1F879B9000273EE2 /* Framework.xcconfig */,
				049EDC1F1F879B9000273EE2 /* StaticLibrary.xcconfig */,
			);
			path = Targets;
			sourceTree = "<group>";
		};
		049EDC201F879B9000273EE2 /* iOS */ = {
			isa = PBXGroup;
			children = (
				049EDC211F879B9000273EE2 /* iOS-Application.xcconfig */,
				049EDC221F879B9000273EE2 /* iOS-Base.xcconfig */,
				049EDC231F879B9000273EE2 /* iOS-Extension.xcconfig */,
				049EDC241F879B9000273EE2 /* iOS-Framework.xcconfig */,
				049EDC251F879B9000273EE2 /* iOS-StaticLibrary.xcconfig */,
			);
			path = iOS;
			sourceTree = "<group>";
		};
		049EDC261F879B9000273EE2 /* Mac OS X */ = {
			isa = PBXGroup;
			children = (
				049EDC271F879B9000273EE2 /* Mac-Application.xcconfig */,
				049EDC281F879B9000273EE2 /* Mac-Base.xcconfig */,
				049EDC291F879B9000273EE2 /* Mac-DynamicLibrary.xcconfig */,
				049EDC2A1F879B9000273EE2 /* Mac-Framework.xcconfig */,
				049EDC2B1F879B9000273EE2 /* Mac-StaticLibrary.xcconfig */,
			);
			path = "Mac OS X";
			sourceTree = "<group>";
		};
		049EDC2D1F879B9000273EE2 /* tvOS */ = {
			isa = PBXGroup;
			children = (
				049EDC2E1F879B9000273EE2 /* tvOS-Application.xcconfig */,
				049EDC2F1F879B9000273EE2 /* tvOS-Base.xcconfig */,
				049EDC301F879B9000273EE2 /* tvOS-Framework.xcconfig */,
				049EDC311F879B9000273EE2 /* tvOS-StaticLibrary.xcconfig */,
			);
			path = tvOS;
			sourceTree = "<group>";
		};
		049EDC321F879B9000273EE2 /* watchOS */ = {
			isa = PBXGroup;
			children = (
				049EDC331F879B9000273EE2 /* watchOS-Application.xcconfig */,
				049EDC341F879B9000273EE2 /* watchOS-Base.xcconfig */,
				049EDC351F879B9000273EE2 /* watchOS-Framework.xcconfig */,
				049EDC361F879B9000273EE2 /* watchOS-StaticLibrary.xcconfig */,
			);
			path = watchOS;
			sourceTree = "<group>";
		};
		95500E1A7F5EA51FD6CB1A60 /* Frameworks */ = {
			isa = PBXGroup;
			children = (
				049EDD991F87B2B700273EE2 /* uTesting.framework */,
				049EDD961F87B2AD00273EE2 /* uTesting.framework */,
				049EDD581F87AFBA00273EE2 /* uSearch.framework */,
				049EDD561F87AFB500273EE2 /* uHome.framework */,
				049EDD521F87AF9100273EE2 /* uDependencies.framework */,
				049EDD481F87A96B00273EE2 /* uUI.framework */,
				049EDD3A1F87A8ED00273EE2 /* uCore.framework */,
				044B1857DCFF65560157A539 /* Pods_ufeatures.framework */,
				A85354D8258A03F759613BAD /* Pods_ufeaturesTests.framework */,
				AF5884645C2DB892FD9F2B1A /* Pods_ufeaturesUITests.framework */,
			);
			name = Frameworks;
			sourceTree = "<group>";
		};
		9BB4CD9535553FC48A34FE94 /* Pods */ = {
			isa = PBXGroup;
			children = (
				F63A1166DA70CB7D2617ED39 /* Pods-ufeatures.debug.xcconfig */,
				C9957E75BE8227BD97ED9349 /* Pods-ufeatures.release.xcconfig */,
				EF304450F17CA1C17B997B7F /* Pods-ufeaturesTests.debug.xcconfig */,
				EBFF1BB94DCAB231F5E05B2C /* Pods-ufeaturesTests.release.xcconfig */,
				8299031CD950686DEA94569D /* Pods-ufeaturesUITests.debug.xcconfig */,
				5BF2F4DC829BBAB1564A7D3F /* Pods-ufeaturesUITests.release.xcconfig */,
			);
			name = Pods;
			sourceTree = "<group>";
		};
/* End PBXGroup section */

/* Begin PBXNativeTarget section */
		049EDBCA1F87916E00273EE2 /* ufeatures */ = {
			isa = PBXNativeTarget;
			buildConfigurationList = 049EDBF31F87916E00273EE2 /* Build configuration list for PBXNativeTarget "ufeatures" */;
			buildPhases = (
				E3F931A12C2449D58A717FD2 /* [CP] Check Pods Manifest.lock */,
				049EDBC71F87916E00273EE2 /* Sources */,
				049EDBC81F87916E00273EE2 /* Frameworks */,
				049EDBC91F87916E00273EE2 /* Resources */,
				2F03892C910CA55A0A7999CF /* [CP] Embed Pods Frameworks */,
				20DA6DC20AB26188C5BCB096 /* [CP] Copy Pods Resources */,
				049EDD3B1F87A8F000273EE2 /* Embed Frameworks */,
			);
			buildRules = (
			);
			dependencies = (
			);
			name = ufeatures;
			productName = ufeatures;
			productReference = 049EDBCB1F87916E00273EE2 /* ufeatures.app */;
			productType = "com.apple.product-type.application";
		};
		049EDBDE1F87916E00273EE2 /* ufeaturesTests */ = {
			isa = PBXNativeTarget;
			buildConfigurationList = 049EDBF61F87916E00273EE2 /* Build configuration list for PBXNativeTarget "ufeaturesTests" */;
			buildPhases = (
				FC0D59639C52969350B930F5 /* [CP] Check Pods Manifest.lock */,
				049EDBDB1F87916E00273EE2 /* Sources */,
				049EDBDC1F87916E00273EE2 /* Frameworks */,
				049EDBDD1F87916E00273EE2 /* Resources */,
				C6694592454CA2508F5B6116 /* [CP] Embed Pods Frameworks */,
				0D83669CBBE50BAAF083E0DD /* [CP] Copy Pods Resources */,
				049EDD3D1F87A90200273EE2 /* Embed Frameworks */,
			);
			buildRules = (
			);
			dependencies = (
				049EDBE11F87916E00273EE2 /* PBXTargetDependency */,
			);
			name = ufeaturesTests;
			productName = ufeaturesTests;
			productReference = 049EDBDF1F87916E00273EE2 /* ufeaturesTests.xctest */;
			productType = "com.apple.product-type.bundle.unit-test";
		};
		049EDBE91F87916E00273EE2 /* ufeaturesUITests */ = {
			isa = PBXNativeTarget;
			buildConfigurationList = 049EDBF91F87916E00273EE2 /* Build configuration list for PBXNativeTarget "ufeaturesUITests" */;
			buildPhases = (
				667C826D6A82A60D68352E6E /* [CP] Check Pods Manifest.lock */,
				049EDBE61F87916E00273EE2 /* Sources */,
				049EDBE71F87916E00273EE2 /* Frameworks */,
				049EDBE81F87916E00273EE2 /* Resources */,
				C612166F2D71EF3562DB4A09 /* [CP] Embed Pods Frameworks */,
				5CC9290C0EC94786A3F24BE0 /* [CP] Copy Pods Resources */,
				049EDD9A1F87B2BA00273EE2 /* Embed Frameworks */,
			);
			buildRules = (
			);
			dependencies = (
				049EDBEC1F87916E00273EE2 /* PBXTargetDependency */,
			);
			name = ufeaturesUITests;
			productName = ufeaturesUITests;
			productReference = 049EDBEA1F87916E00273EE2 /* ufeaturesUITests.xctest */;
			productType = "com.apple.product-type.bundle.ui-testing";
		};
/* End PBXNativeTarget section */

/* Begin PBXProject section */
		049EDBC31F87916E00273EE2 /* Project object */ = {
			isa = PBXProject;
			attributes = {
				LastSwiftUpdateCheck = 0900;
				LastUpgradeCheck = 0900;
				ORGANIZATIONNAME = Caramba;
				TargetAttributes = {
					049EDBCA1F87916E00273EE2 = {
						CreatedOnToolsVersion = 9.0;
						ProvisioningStyle = Automatic;
					};
					049EDBDE1F87916E00273EE2 = {
						CreatedOnToolsVersion = 9.0;
						ProvisioningStyle = Automatic;
						TestTargetID = 049EDBCA1F87916E00273EE2;
					};
					049EDBE91F87916E00273EE2 = {
						CreatedOnToolsVersion = 9.0;
						ProvisioningStyle = Manual;
						TestTargetID = 049EDBCA1F87916E00273EE2;
					};
				};
			};
			buildConfigurationList = 049EDBC61F87916E00273EE2 /* Build configuration list for PBXProject "ufeatures" */;
			compatibilityVersion = "Xcode 8.0";
			developmentRegion = en;
			hasScannedForEncodings = 0;
			knownRegions = (
				en,
				Base,
			);
			mainGroup = 049EDBC21F87916E00273EE2;
			productRefGroup = 049EDBCC1F87916E00273EE2 /* Products */;
			projectDirPath = "";
			projectRoot = "";
			targets = (
				049EDBCA1F87916E00273EE2 /* ufeatures */,
				049EDBDE1F87916E00273EE2 /* ufeaturesTests */,
				049EDBE91F87916E00273EE2 /* ufeaturesUITests */,
			);
		};
/* End PBXProject section */

/* Begin PBXResourcesBuildPhase section */
		049EDBC91F87916E00273EE2 /* Resources */ = {
			isa = PBXResourcesBuildPhase;
			buildActionMask = 2147483647;
			files = (
				049EDC0F1F87931400273EE2 /* Assets.xcassets in Resources */,
				049EDC0E1F87931100273EE2 /* LaunchScreen.storyboard in Resources */,
			);
			runOnlyForDeploymentPostprocessing = 0;
		};
		049EDBDD1F87916E00273EE2 /* Resources */ = {
			isa = PBXResourcesBuildPhase;
			buildActionMask = 2147483647;
			files = (
			);
			runOnlyForDeploymentPostprocessing = 0;
		};
		049EDBE81F87916E00273EE2 /* Resources */ = {
			isa = PBXResourcesBuildPhase;
			buildActionMask = 2147483647;
			files = (
			);
			runOnlyForDeploymentPostprocessing = 0;
		};
/* End PBXResourcesBuildPhase section */

/* Begin PBXShellScriptBuildPhase section */
		0D83669CBBE50BAAF083E0DD /* [CP] Copy Pods Resources */ = {
			isa = PBXShellScriptBuildPhase;
			buildActionMask = 2147483647;
			files = (
			);
			inputPaths = (
			);
			name = "[CP] Copy Pods Resources";
			outputPaths = (
			);
			runOnlyForDeploymentPostprocessing = 0;
			shellPath = /bin/sh;
			shellScript = "\"${SRCROOT}/Pods/Target Support Files/Pods-ufeaturesTests/Pods-ufeaturesTests-resources.sh\"\n";
			showEnvVarsInLog = 0;
		};
		20DA6DC20AB26188C5BCB096 /* [CP] Copy Pods Resources */ = {
			isa = PBXShellScriptBuildPhase;
			buildActionMask = 2147483647;
			files = (
			);
			inputPaths = (
			);
			name = "[CP] Copy Pods Resources";
			outputPaths = (
			);
			runOnlyForDeploymentPostprocessing = 0;
			shellPath = /bin/sh;
			shellScript = "\"${SRCROOT}/Pods/Target Support Files/Pods-ufeatures/Pods-ufeatures-resources.sh\"\n";
			showEnvVarsInLog = 0;
		};
		2F03892C910CA55A0A7999CF /* [CP] Embed Pods Frameworks */ = {
			isa = PBXShellScriptBuildPhase;
			buildActionMask = 2147483647;
			files = (
			);
			inputPaths = (
			);
			name = "[CP] Embed Pods Frameworks";
			outputPaths = (
			);
			runOnlyForDeploymentPostprocessing = 0;
			shellPath = /bin/sh;
			shellScript = "\"${SRCROOT}/Pods/Target Support Files/Pods-ufeatures/Pods-ufeatures-frameworks.sh\"\n";
			showEnvVarsInLog = 0;
		};
		5CC9290C0EC94786A3F24BE0 /* [CP] Copy Pods Resources */ = {
			isa = PBXShellScriptBuildPhase;
			buildActionMask = 2147483647;
			files = (
			);
			inputPaths = (
			);
			name = "[CP] Copy Pods Resources";
			outputPaths = (
			);
			runOnlyForDeploymentPostprocessing = 0;
			shellPath = /bin/sh;
			shellScript = "\"${SRCROOT}/Pods/Target Support Files/Pods-ufeaturesUITests/Pods-ufeaturesUITests-resources.sh\"\n";
			showEnvVarsInLog = 0;
		};
		667C826D6A82A60D68352E6E /* [CP] Check Pods Manifest.lock */ = {
			isa = PBXShellScriptBuildPhase;
			buildActionMask = 2147483647;
			files = (
			);
			inputPaths = (
				"${PODS_PODFILE_DIR_PATH}/Podfile.lock",
				"${PODS_ROOT}/Manifest.lock",
			);
			name = "[CP] Check Pods Manifest.lock";
			outputPaths = (
				"$(DERIVED_FILE_DIR)/Pods-ufeaturesUITests-checkManifestLockResult.txt",
			);
			runOnlyForDeploymentPostprocessing = 0;
			shellPath = /bin/sh;
			shellScript = "diff \"${PODS_PODFILE_DIR_PATH}/Podfile.lock\" \"${PODS_ROOT}/Manifest.lock\" > /dev/null\nif [ $? != 0 ] ; then\n    # print error to STDERR\n    echo \"error: The sandbox is not in sync with the Podfile.lock. Run 'pod install' or update your CocoaPods installation.\" >&2\n    exit 1\nfi\n# This output is used by Xcode 'outputs' to avoid re-running this script phase.\necho \"SUCCESS\" > \"${SCRIPT_OUTPUT_FILE_0}\"\n";
			showEnvVarsInLog = 0;
		};
		C612166F2D71EF3562DB4A09 /* [CP] Embed Pods Frameworks */ = {
			isa = PBXShellScriptBuildPhase;
			buildActionMask = 2147483647;
			files = (
			);
			inputPaths = (
			);
			name = "[CP] Embed Pods Frameworks";
			outputPaths = (
			);
			runOnlyForDeploymentPostprocessing = 0;
			shellPath = /bin/sh;
			shellScript = "\"${SRCROOT}/Pods/Target Support Files/Pods-ufeaturesUITests/Pods-ufeaturesUITests-frameworks.sh\"\n";
			showEnvVarsInLog = 0;
		};
		C6694592454CA2508F5B6116 /* [CP] Embed Pods Frameworks */ = {
			isa = PBXShellScriptBuildPhase;
			buildActionMask = 2147483647;
			files = (
			);
			inputPaths = (
			);
			name = "[CP] Embed Pods Frameworks";
			outputPaths = (
			);
			runOnlyForDeploymentPostprocessing = 0;
			shellPath = /bin/sh;
			shellScript = "\"${SRCROOT}/Pods/Target Support Files/Pods-ufeaturesTests/Pods-ufeaturesTests-frameworks.sh\"\n";
			showEnvVarsInLog = 0;
		};
		E3F931A12C2449D58A717FD2 /* [CP] Check Pods Manifest.lock */ = {
			isa = PBXShellScriptBuildPhase;
			buildActionMask = 2147483647;
			files = (
			);
			inputPaths = (
				"${PODS_PODFILE_DIR_PATH}/Podfile.lock",
				"${PODS_ROOT}/Manifest.lock",
			);
			name = "[CP] Check Pods Manifest.lock";
			outputPaths = (
				"$(DERIVED_FILE_DIR)/Pods-ufeatures-checkManifestLockResult.txt",
			);
			runOnlyForDeploymentPostprocessing = 0;
			shellPath = /bin/sh;
			shellScript = "diff \"${PODS_PODFILE_DIR_PATH}/Podfile.lock\" \"${PODS_ROOT}/Manifest.lock\" > /dev/null\nif [ $? != 0 ] ; then\n    # print error to STDERR\n    echo \"error: The sandbox is not in sync with the Podfile.lock. Run 'pod install' or update your CocoaPods installation.\" >&2\n    exit 1\nfi\n# This output is used by Xcode 'outputs' to avoid re-running this script phase.\necho \"SUCCESS\" > \"${SCRIPT_OUTPUT_FILE_0}\"\n";
			showEnvVarsInLog = 0;
		};
		FC0D59639C52969350B930F5 /* [CP] Check Pods Manifest.lock */ = {
			isa = PBXShellScriptBuildPhase;
			buildActionMask = 2147483647;
			files = (
			);
			inputPaths = (
				"${PODS_PODFILE_DIR_PATH}/Podfile.lock",
				"${PODS_ROOT}/Manifest.lock",
			);
			name = "[CP] Check Pods Manifest.lock";
			outputPaths = (
				"$(DERIVED_FILE_DIR)/Pods-ufeaturesTests-checkManifestLockResult.txt",
			);
			runOnlyForDeploymentPostprocessing = 0;
			shellPath = /bin/sh;
			shellScript = "diff \"${PODS_PODFILE_DIR_PATH}/Podfile.lock\" \"${PODS_ROOT}/Manifest.lock\" > /dev/null\nif [ $? != 0 ] ; then\n    # print error to STDERR\n    echo \"error: The sandbox is not in sync with the Podfile.lock. Run 'pod install' or update your CocoaPods installation.\" >&2\n    exit 1\nfi\n# This output is used by Xcode 'outputs' to avoid re-running this script phase.\necho \"SUCCESS\" > \"${SCRIPT_OUTPUT_FILE_0}\"\n";
			showEnvVarsInLog = 0;
		};
/* End PBXShellScriptBuildPhase section */

/* Begin PBXSourcesBuildPhase section */
		049EDBC71F87916E00273EE2 /* Sources */ = {
			isa = PBXSourcesBuildPhase;
			buildActionMask = 2147483647;
			files = (
				049EDC0D1F8792F500273EE2 /* AppDelegate.swift in Sources */,
			);
			runOnlyForDeploymentPostprocessing = 0;
		};
		049EDBDB1F87916E00273EE2 /* Sources */ = {
			isa = PBXSourcesBuildPhase;
			buildActionMask = 2147483647;
			files = (
				049EDC101F87934B00273EE2 /* ufeaturesTests.swift in Sources */,
			);
			runOnlyForDeploymentPostprocessing = 0;
		};
		049EDBE61F87916E00273EE2 /* Sources */ = {
			isa = PBXSourcesBuildPhase;
			buildActionMask = 2147483647;
			files = (
				049EDC111F87935A00273EE2 /* ufeaturesUITests.swift in Sources */,
			);
			runOnlyForDeploymentPostprocessing = 0;
		};
/* End PBXSourcesBuildPhase section */

/* Begin PBXTargetDependency section */
		049EDBE11F87916E00273EE2 /* PBXTargetDependency */ = {
			isa = PBXTargetDependency;
			target = 049EDBCA1F87916E00273EE2 /* ufeatures */;
			targetProxy = 049EDBE01F87916E00273EE2 /* PBXContainerItemProxy */;
		};
		049EDBEC1F87916E00273EE2 /* PBXTargetDependency */ = {
			isa = PBXTargetDependency;
			target = 049EDBCA1F87916E00273EE2 /* ufeatures */;
			targetProxy = 049EDBEB1F87916E00273EE2 /* PBXContainerItemProxy */;
		};
/* End PBXTargetDependency section */

/* Begin PBXVariantGroup section */
		049EDC031F8792BF00273EE2 /* LaunchScreen.storyboard */ = {
			isa = PBXVariantGroup;
			children = (
				049EDC041F8792BF00273EE2 /* Base */,
			);
			name = LaunchScreen.storyboard;
			sourceTree = "<group>";
		};
/* End PBXVariantGroup section */

/* Begin XCBuildConfiguration section */
		049EDBF11F87916E00273EE2 /* Debug */ = {
			isa = XCBuildConfiguration;
			buildSettings = {
				ALWAYS_SEARCH_USER_PATHS = NO;
				CLANG_ANALYZER_NONNULL = YES;
				CLANG_ANALYZER_NUMBER_OBJECT_CONVERSION = YES_AGGRESSIVE;
				CLANG_CXX_LANGUAGE_STANDARD = "gnu++14";
				CLANG_CXX_LIBRARY = "libc++";
				CLANG_ENABLE_MODULES = YES;
				CLANG_ENABLE_OBJC_ARC = YES;
				CLANG_WARN_BLOCK_CAPTURE_AUTORELEASING = YES;
				CLANG_WARN_BOOL_CONVERSION = YES;
				CLANG_WARN_COMMA = YES;
				CLANG_WARN_CONSTANT_CONVERSION = YES;
				CLANG_WARN_DIRECT_OBJC_ISA_USAGE = YES_ERROR;
				CLANG_WARN_DOCUMENTATION_COMMENTS = YES;
				CLANG_WARN_EMPTY_BODY = YES;
				CLANG_WARN_ENUM_CONVERSION = YES;
				CLANG_WARN_INFINITE_RECURSION = YES;
				CLANG_WARN_INT_CONVERSION = YES;
				CLANG_WARN_NON_LITERAL_NULL_CONVERSION = YES;
				CLANG_WARN_OBJC_LITERAL_CONVERSION = YES;
				CLANG_WARN_OBJC_ROOT_CLASS = YES_ERROR;
				CLANG_WARN_RANGE_LOOP_ANALYSIS = YES;
				CLANG_WARN_STRICT_PROTOTYPES = YES;
				CLANG_WARN_SUSPICIOUS_MOVE = YES;
				CLANG_WARN_UNGUARDED_AVAILABILITY = YES_AGGRESSIVE;
				CLANG_WARN_UNREACHABLE_CODE = YES;
				CLANG_WARN__DUPLICATE_METHOD_MATCH = YES;
				COPY_PHASE_STRIP = NO;
				DEBUG_INFORMATION_FORMAT = dwarf;
				ENABLE_STRICT_OBJC_MSGSEND = YES;
				ENABLE_TESTABILITY = YES;
				GCC_C_LANGUAGE_STANDARD = gnu11;
				GCC_DYNAMIC_NO_PIC = NO;
				GCC_NO_COMMON_BLOCKS = YES;
				GCC_OPTIMIZATION_LEVEL = 0;
				GCC_PREPROCESSOR_DEFINITIONS = (
					"DEBUG=1",
					"$(inherited)",
				);
				GCC_WARN_64_TO_32_BIT_CONVERSION = YES;
				GCC_WARN_ABOUT_RETURN_TYPE = YES_ERROR;
				GCC_WARN_UNDECLARED_SELECTOR = YES;
				GCC_WARN_UNINITIALIZED_AUTOS = YES_AGGRESSIVE;
				GCC_WARN_UNUSED_FUNCTION = YES;
				GCC_WARN_UNUSED_VARIABLE = YES;
				IPHONEOS_DEPLOYMENT_TARGET = 11.0;
				MTL_ENABLE_DEBUG_INFO = YES;
				ONLY_ACTIVE_ARCH = YES;
				SDKROOT = iphoneos;
				SWIFT_ACTIVE_COMPILATION_CONDITIONS = DEBUG;
				SWIFT_OPTIMIZATION_LEVEL = "-Onone";
			};
			name = Debug;
		};
		049EDBF21F87916E00273EE2 /* Release */ = {
			isa = XCBuildConfiguration;
			buildSettings = {
				ALWAYS_SEARCH_USER_PATHS = NO;
				CLANG_ANALYZER_NONNULL = YES;
				CLANG_ANALYZER_NUMBER_OBJECT_CONVERSION = YES_AGGRESSIVE;
				CLANG_CXX_LANGUAGE_STANDARD = "gnu++14";
				CLANG_CXX_LIBRARY = "libc++";
				CLANG_ENABLE_MODULES = YES;
				CLANG_ENABLE_OBJC_ARC = YES;
				CLANG_WARN_BLOCK_CAPTURE_AUTORELEASING = YES;
				CLANG_WARN_BOOL_CONVERSION = YES;
				CLANG_WARN_COMMA = YES;
				CLANG_WARN_CONSTANT_CONVERSION = YES;
				CLANG_WARN_DIRECT_OBJC_ISA_USAGE = YES_ERROR;
				CLANG_WARN_DOCUMENTATION_COMMENTS = YES;
				CLANG_WARN_EMPTY_BODY = YES;
				CLANG_WARN_ENUM_CONVERSION = YES;
				CLANG_WARN_INFINITE_RECURSION = YES;
				CLANG_WARN_INT_CONVERSION = YES;
				CLANG_WARN_NON_LITERAL_NULL_CONVERSION = YES;
				CLANG_WARN_OBJC_LITERAL_CONVERSION = YES;
				CLANG_WARN_OBJC_ROOT_CLASS = YES_ERROR;
				CLANG_WARN_RANGE_LOOP_ANALYSIS = YES;
				CLANG_WARN_STRICT_PROTOTYPES = YES;
				CLANG_WARN_SUSPICIOUS_MOVE = YES;
				CLANG_WARN_UNGUARDED_AVAILABILITY = YES_AGGRESSIVE;
				CLANG_WARN_UNREACHABLE_CODE = YES;
				CLANG_WARN__DUPLICATE_METHOD_MATCH = YES;
				COPY_PHASE_STRIP = NO;
				DEBUG_INFORMATION_FORMAT = "dwarf-with-dsym";
				ENABLE_NS_ASSERTIONS = NO;
				ENABLE_STRICT_OBJC_MSGSEND = YES;
				GCC_C_LANGUAGE_STANDARD = gnu11;
				GCC_NO_COMMON_BLOCKS = YES;
				GCC_WARN_64_TO_32_BIT_CONVERSION = YES;
				GCC_WARN_ABOUT_RETURN_TYPE = YES_ERROR;
				GCC_WARN_UNDECLARED_SELECTOR = YES;
				GCC_WARN_UNINITIALIZED_AUTOS = YES_AGGRESSIVE;
				GCC_WARN_UNUSED_FUNCTION = YES;
				GCC_WARN_UNUSED_VARIABLE = YES;
				IPHONEOS_DEPLOYMENT_TARGET = 11.0;
				MTL_ENABLE_DEBUG_INFO = NO;
				SDKROOT = iphoneos;
				SWIFT_OPTIMIZATION_LEVEL = "-Owholemodule";
				VALIDATE_PRODUCT = YES;
			};
			name = Release;
		};
		049EDBF41F87916E00273EE2 /* Debug */ = {
			isa = XCBuildConfiguration;
			baseConfigurationReference = F63A1166DA70CB7D2617ED39 /* Pods-ufeatures.debug.xcconfig */;
			buildSettings = {
				ASSETCATALOG_COMPILER_APPICON_NAME = AppIcon;
				INFOPLIST_FILE = App/Info.plist;
				LD_RUNPATH_SEARCH_PATHS = "$(inherited) @executable_path/Frameworks";
				PRODUCT_BUNDLE_IDENTIFIER = io.caramba.ufeatures;
				PRODUCT_NAME = "$(TARGET_NAME)";
				SWIFT_VERSION = 4.0;
				TARGETED_DEVICE_FAMILY = "1,2";
			};
			name = Debug;
		};
		049EDBF51F87916E00273EE2 /* Release */ = {
			isa = XCBuildConfiguration;
			baseConfigurationReference = C9957E75BE8227BD97ED9349 /* Pods-ufeatures.release.xcconfig */;
			buildSettings = {
				ASSETCATALOG_COMPILER_APPICON_NAME = AppIcon;
				INFOPLIST_FILE = App/Info.plist;
				LD_RUNPATH_SEARCH_PATHS = "$(inherited) @executable_path/Frameworks";
				PRODUCT_BUNDLE_IDENTIFIER = io.caramba.ufeatures;
				PRODUCT_NAME = "$(TARGET_NAME)";
				SWIFT_VERSION = 4.0;
				TARGETED_DEVICE_FAMILY = "1,2";
			};
			name = Release;
		};
		049EDBF71F87916E00273EE2 /* Debug */ = {
			isa = XCBuildConfiguration;
			baseConfigurationReference = EF304450F17CA1C17B997B7F /* Pods-ufeaturesTests.debug.xcconfig */;
			buildSettings = {
				ALWAYS_EMBED_SWIFT_STANDARD_LIBRARIES = YES;
				BUNDLE_LOADER = "$(TEST_HOST)";
				INFOPLIST_FILE = App/Tests.plist;
				LD_RUNPATH_SEARCH_PATHS = "$(inherited) @executable_path/Frameworks @loader_path/Frameworks";
				PRODUCT_BUNDLE_IDENTIFIER = io.caramba.ufeaturesTests;
				PRODUCT_NAME = "$(TARGET_NAME)";
				SWIFT_VERSION = 4.0;
				TARGETED_DEVICE_FAMILY = "1,2";
				TEST_HOST = "$(BUILT_PRODUCTS_DIR)/ufeatures.app/ufeatures";
			};
			name = Debug;
		};
		049EDBF81F87916E00273EE2 /* Release */ = {
			isa = XCBuildConfiguration;
			baseConfigurationReference = EBFF1BB94DCAB231F5E05B2C /* Pods-ufeaturesTests.release.xcconfig */;
			buildSettings = {
				ALWAYS_EMBED_SWIFT_STANDARD_LIBRARIES = YES;
				BUNDLE_LOADER = "$(TEST_HOST)";
				INFOPLIST_FILE = App/Tests.plist;
				LD_RUNPATH_SEARCH_PATHS = "$(inherited) @executable_path/Frameworks @loader_path/Frameworks";
				PRODUCT_BUNDLE_IDENTIFIER = io.caramba.ufeaturesTests;
				PRODUCT_NAME = "$(TARGET_NAME)";
				SWIFT_VERSION = 4.0;
				TARGETED_DEVICE_FAMILY = "1,2";
				TEST_HOST = "$(BUILT_PRODUCTS_DIR)/ufeatures.app/ufeatures";
			};
			name = Release;
		};
		049EDBFA1F87916E00273EE2 /* Debug */ = {
			isa = XCBuildConfiguration;
			baseConfigurationReference = 8299031CD950686DEA94569D /* Pods-ufeaturesUITests.debug.xcconfig */;
			buildSettings = {
				ALWAYS_EMBED_SWIFT_STANDARD_LIBRARIES = YES;
				INFOPLIST_FILE = App/UITests.plist;
				LD_RUNPATH_SEARCH_PATHS = "$(inherited) @executable_path/Frameworks @loader_path/Frameworks";
				PRODUCT_BUNDLE_IDENTIFIER = io.caramba.ufeaturesUITests;
				PRODUCT_NAME = "$(TARGET_NAME)";
				SWIFT_VERSION = 4.0;
				TARGETED_DEVICE_FAMILY = "1,2";
				TEST_TARGET_NAME = ufeatures;
			};
			name = Debug;
		};
		049EDBFB1F87916E00273EE2 /* Release */ = {
			isa = XCBuildConfiguration;
			baseConfigurationReference = 5BF2F4DC829BBAB1564A7D3F /* Pods-ufeaturesUITests.release.xcconfig */;
			buildSettings = {
				ALWAYS_EMBED_SWIFT_STANDARD_LIBRARIES = YES;
				INFOPLIST_FILE = App/UITests.plist;
				LD_RUNPATH_SEARCH_PATHS = "$(inherited) @executable_path/Frameworks @loader_path/Frameworks";
				PRODUCT_BUNDLE_IDENTIFIER = io.caramba.ufeaturesUITests;
				PRODUCT_NAME = "$(TARGET_NAME)";
				SWIFT_VERSION = 4.0;
				TARGETED_DEVICE_FAMILY = "1,2";
				TEST_TARGET_NAME = ufeatures;
			};
			name = Release;
		};
/* End XCBuildConfiguration section */

/* Begin XCConfigurationList section */
		049EDBC61F87916E00273EE2 /* Build configuration list for PBXProject "ufeatures" */ = {
			isa = XCConfigurationList;
			buildConfigurations = (
				049EDBF11F87916E00273EE2 /* Debug */,
				049EDBF21F87916E00273EE2 /* Release */,
			);
			defaultConfigurationIsVisible = 0;
			defaultConfigurationName = Debug;
		};
		049EDBF31F87916E00273EE2 /* Build configuration list for PBXNativeTarget "ufeatures" */ = {
			isa = XCConfigurationList;
			buildConfigurations = (
				049EDBF41F87916E00273EE2 /* Debug */,
				049EDBF51F87916E00273EE2 /* Release */,
			);
			defaultConfigurationIsVisible = 0;
			defaultConfigurationName = Debug;
		};
		049EDBF61F87916E00273EE2 /* Build configuration list for PBXNativeTarget "ufeaturesTests" */ = {
			isa = XCConfigurationList;
			buildConfigurations = (
				049EDBF71F87916E00273EE2 /* Debug */,
				049EDBF81F87916E00273EE2 /* Release */,
			);
			defaultConfigurationIsVisible = 0;
			defaultConfigurationName = Debug;
		};
		049EDBF91F87916E00273EE2 /* Build configuration list for PBXNativeTarget "ufeaturesUITests" */ = {
			isa = XCConfigurationList;
			buildConfigurations = (
				049EDBFA1F87916E00273EE2 /* Debug */,
				049EDBFB1F87916E00273EE2 /* Release */,
			);
			defaultConfigurationIsVisible = 0;
			defaultConfigurationName = Debug;
		};
/* End XCConfigurationList section */
	};
	rootObject = 049EDBC31F87916E00273EE2 /* Project object */;
}
